
Microsoft Visual Studio Solution File, Format Version 12.00
# Visual Studio 15
VisualStudioVersion = 15.0.26124.0
MinimumVisualStudioVersion = 15.0.26124.0
Project("{F2A71F9B-5D33-465A-A702-920D77279786}") = "FreyaSessionProvider", "FreyaSessionProvider\FreyaSessionProvider.fsproj", "{1D37C3D9-DAF5-40EF-A43C-210BF34F2389}"
EndProject
Project("{F2A71F9B-5D33-465A-A702-920D77279786}") = "FreyaSessionProvider.RavenDB", "FreyaSessionProvider.RavenDB\FreyaSessionProvider.RavenDB.fsproj", "{BCE3AD09-D401-45DD-A9A5-924E8DE92D24}"
EndProject
Global
	GlobalSection(SolutionConfigurationPlatforms) = preSolution
		Debug|Any CPU = Debug|Any CPU
		Debug|x64 = Debug|x64
		Debug|x86 = Debug|x86
		Release|Any CPU = Release|Any CPU
		Release|x64 = Release|x64
		Release|x86 = Release|x86
	EndGlobalSection
	GlobalSection(SolutionProperties) = preSolution
		HideSolutionNode = FALSE
	EndGlobalSection
	GlobalSection(ProjectConfigurationPlatforms) = postSolution
		{1D37C3D9-DAF5-40EF-A43C-210BF34F2389}.Debug|Any CPU.ActiveCfg = Debug|Any CPU
		{1D37C3D9-DAF5-40EF-A43C-210BF34F2389}.Debug|Any CPU.Build.0 = Debug|Any CPU
		{1D37C3D9-DAF5-40EF-A43C-210BF34F2389}.Debug|x64.ActiveCfg = Debug|Any CPU
		{1D37C3D9-DAF5-40EF-A43C-210BF34F2389}.Debug|x64.Build.0 = Debug|Any CPU
		{1D37C3D9-DAF5-40EF-A43C-210BF34F2389}.Debug|x86.ActiveCfg = Debug|Any CPU
		{1D37C3D9-DAF5-40EF-A43C-210BF34F2389}.Debug|x86.Build.0 = Debug|Any CPU
		{1D37C3D9-DAF5-40EF-A43C-210BF34F2389}.Release|Any CPU.ActiveCfg = Release|Any CPU
		{1D37C3D9-DAF5-40EF-A43C-210BF34F2389}.Release|Any CPU.Build.0 = Release|Any CPU
		{1D37C3D9-DAF5-40EF-A43C-210BF34F2389}.Release|x64.ActiveCfg = Release|Any CPU
		{1D37C3D9-DAF5-40EF-A43C-210BF34F2389}.Release|x64.Build.0 = Release|Any CPU
		{1D37C3D9-DAF5-40EF-A43C-210BF34F2389}.Release|x86.ActiveCfg = Release|Any CPU
		{1D37C3D9-DAF5-40EF-A43C-210BF34F2389}.Release|x86.Build.0 = Release|Any CPU
		{BCE3AD09-D401-45DD-A9A5-924E8DE92D24}.Debug|Any CPU.ActiveCfg = Debug|Any CPU
		{BCE3AD09-D401-45DD-A9A5-924E8DE92D24}.Debug|Any CPU.Build.0 = Debug|Any CPU
		{BCE3AD09-D401-45DD-A9A5-924E8DE92D24}.Debug|x64.ActiveCfg = Debug|Any CPU
		{BCE3AD09-D401-45DD-A9A5-924E8DE92D24}.Debug|x64.Build.0 = Debug|Any CPU
		{BCE3AD09-D401-45DD-A9A5-924E8DE92D24}.Debug|x86.ActiveCfg = Debug|Any CPU
		{BCE3AD09-D401-45DD-A9A5-924E8DE92D24}.Debug|x86.Build.0 = Debug|Any CPU
		{BCE3AD09-D401-45DD-A9A5-924E8DE92D24}.Release|Any CPU.ActiveCfg = Release|Any CPU
		{BCE3AD09-D401-45DD-A9A5-924E8DE92D24}.Release|Any CPU.Build.0 = Release|Any CPU
		{BCE3AD09-D401-45DD-A9A5-924E8DE92D24}.Release|x64.ActiveCfg = Release|Any CPU
		{BCE3AD09-D401-45DD-A9A5-924E8DE92D24}.Release|x64.Build.0 = Release|Any CPU
		{BCE3AD09-D401-45DD-A9A5-924E8DE92D24}.Release|x86.ActiveCfg = Release|Any CPU
		{BCE3AD09-D401-45DD-A9A5-924E8DE92D24}.Release|x86.Build.0 = Release|Any CPU
	EndGlobalSection
EndGlobal
